// !$*UTF8*$!
{
	archiveVersion = 1;
	classes = {
	};
	objectVersion = 77;
	objects = {

/* Begin PBXContainerItemProxy section */
		D5F49B8B2EB927E00063DF9E /* PBXContainerItemProxy */ = {
			isa = PBXContainerItemProxy;
			containerPortal = D5F49B6D2EB927DE0063DF9E /* Project object */;
			proxyType = 1;
			remoteGlobalIDString = D5F49B742EB927DE0063DF9E;
			remoteInfo = GifSearchApp;
		};
		D5F49B952EB927E00063DF9E /* PBXContainerItemProxy */ = {
			isa = PBXContainerItemProxy;
			containerPortal = D5F49B6D2EB927DE0063DF9E /* Project object */;
			proxyType = 1;
			remoteGlobalIDString = D5F49B742EB927DE0063DF9E;
			remoteInfo = GifSearchApp;
		};
/* End PBXContainerItemProxy section */

/* Begin PBXFileReference section */
		D5F49B752EB927DE0063DF9E /* GifSearchApp.app */ = {isa = PBXFileReference; explicitFileType = wrapper.application; includeInIndex = 0; path = GifSearchApp.app; sourceTree = BUILT_PRODUCTS_DIR; };
		D5F49B8A2EB927E00063DF9E /* GifSearchAppTests.xctest */ = {isa = PBXFileReference; explicitFileType = wrapper.cfbundle; includeInIndex = 0; path = GifSearchAppTests.xctest; sourceTree = BUILT_PRODUCTS_DIR; };
		D5F49B942EB927E00063DF9E /* GifSearchAppUITests.xctest */ = {isa = PBXFileReference; explicitFileType = wrapper.cfbundle; includeInIndex = 0; path = GifSearchAppUITests.xctest; sourceTree = BUILT_PRODUCTS_DIR; };
/* End PBXFileReference section */

/* Begin PBXFileSystemSynchronizedBuildFileExceptionSet section */
		D5F49BE02EBACBBE0063DF9E /* Exceptions for "GifSearchApp" folder in "GifSearchApp" target */ = {
			isa = PBXFileSystemSynchronizedBuildFileExceptionSet;
			membershipExceptions = (
				Info.plist,
			);
			target = D5F49B742EB927DE0063DF9E /* GifSearchApp */;
		};
/* End PBXFileSystemSynchronizedBuildFileExceptionSet section */

/* Begin PBXFileSystemSynchronizedRootGroup section */
		D5F49B772EB927DE0063DF9E /* GifSearchApp */ = {
			isa = PBXFileSystemSynchronizedRootGroup;
			exceptions = (
				D5F49BE02EBACBBE0063DF9E /* Exceptions for "GifSearchApp" folder in "GifSearchApp" target */,
			);
			path = GifSearchApp;
			sourceTree = "<group>";
		};
		D5F49B8D2EB927E00063DF9E /* GifSearchAppTests */ = {
			isa = PBXFileSystemSynchronizedRootGroup;
			path = GifSearchAppTests;
			sourceTree = "<group>";
		};
		D5F49B972EB927E00063DF9E /* GifSearchAppUITests */ = {
			isa = PBXFileSystemSynchronizedRootGroup;
			path = GifSearchAppUITests;
			sourceTree = "<group>";
		};
/* End PBXFileSystemSynchronizedRootGroup section */

/* Begin PBXFrameworksBuildPhase section */
		D5F49B722EB927DE0063DF9E /* Frameworks */ = {
			isa = PBXFrameworksBuildPhase;
			buildActionMask = 2147483647;
			files = (
			);
			runOnlyForDeploymentPostprocessing = 0;
		};
		D5F49B872EB927E00063DF9E /* Frameworks */ = {
			isa = PBXFrameworksBuildPhase;
			buildActionMask = 2147483647;
			files = (
			);
			runOnlyForDeploymentPostprocessing = 0;
		};
		D5F49B912EB927E00063DF9E /* Frameworks */ = {
			isa = PBXFrameworksBuildPhase;
			buildActionMask = 2147483647;
			files = (
			);
			runOnlyForDeploymentPostprocessing = 0;
		};
/* End PBXFrameworksBuildPhase section */

/* Begin PBXGroup section */
		D5F49B6C2EB927DE0063DF9E = {
			isa = PBXGroup;
			children = (
				D5F49B772EB927DE0063DF9E /* GifSearchApp */,
				D5F49B8D2EB927E00063DF9E /* GifSearchAppTests */,
				D5F49B972EB927E00063DF9E /* GifSearchAppUITests */,
				D5F49B762EB927DE0063DF9E /* Products */,
			);
			sourceTree = "<group>";
		};
		D5F49B762EB927DE0063DF9E /* Products */ = {
			isa = PBXGroup;
			children = (
				D5F49B752EB927DE0063DF9E /* GifSearchApp.app */,
				D5F49B8A2EB927E00063DF9E /* GifSearchAppTests.xctest */,
				D5F49B942EB927E00063DF9E /* GifSearchAppUITests.xctest */,
			);
			name = Products;
			sourceTree = "<group>";
		};
/* End PBXGroup section */

/* Begin PBXNativeTarget section */
		D5F49B742EB927DE0063DF9E /* GifSearchApp */ = {
			isa = PBXNativeTarget;
			buildConfigurationList = D5F49B9E2EB927E00063DF9E /* Build configuration list for PBXNativeTarget "GifSearchApp" */;
			buildPhases = (
				D5F49B712EB927DE0063DF9E /* Sources */,
				D5F49B722EB927DE0063DF9E /* Frameworks */,
				D5F49B732EB927DE0063DF9E /* Resources */,
			);
			buildRules = (
			);
			dependencies = (
			);
			fileSystemSynchronizedGroups = (
				D5F49B772EB927DE0063DF9E /* GifSearchApp */,
			);
			name = GifSearchApp;
			packageProductDependencies = (
			);
			productName = GifSearchApp;
			productReference = D5F49B752EB927DE0063DF9E /* GifSearchApp.app */;
			productType = "com.apple.product-type.application";
		};
		D5F49B892EB927E00063DF9E /* GifSearchAppTests */ = {
			isa = PBXNativeTarget;
			buildConfigurationList = D5F49BA12EB927E00063DF9E /* Build configuration list for PBXNativeTarget "GifSearchAppTests" */;
			buildPhases = (
				D5F49B862EB927E00063DF9E /* Sources */,
				D5F49B872EB927E00063DF9E /* Frameworks */,
				D5F49B882EB927E00063DF9E /* Resources */,
			);
			buildRules = (
			);
			dependencies = (
				D5F49B8C2EB927E00063DF9E /* PBXTargetDependency */,
			);
			fileSystemSynchronizedGroups = (
				D5F49B8D2EB927E00063DF9E /* GifSearchAppTests */,
			);
			name = GifSearchAppTests;
			packageProductDependencies = (
			);
			productName = GifSearchAppTests;
			productReference = D5F49B8A2EB927E00063DF9E /* GifSearchAppTests.xctest */;
			productType = "com.apple.product-type.bundle.unit-test";
		};
		D5F49B932EB927E00063DF9E /* GifSearchAppUITests */ = {
			isa = PBXNativeTarget;
			buildConfigurationList = D5F49BA42EB927E00063DF9E /* Build configuration list for PBXNativeTarget "GifSearchAppUITests" */;
			buildPhases = (
				D5F49B902EB927E00063DF9E /* Sources */,
				D5F49B912EB927E00063DF9E /* Frameworks */,
				D5F49B922EB927E00063DF9E /* Resources */,
			);
			buildRules = (
			);
			dependencies = (
				D5F49B962EB927E00063DF9E /* PBXTargetDependency */,
			);
			fileSystemSynchronizedGroups = (
				D5F49B972EB927E00063DF9E /* GifSearchAppUITests */,
			);
			name = GifSearchAppUITests;
			packageProductDependencies = (
			);
			productName = GifSearchAppUITests;
			productReference = D5F49B942EB927E00063DF9E /* GifSearchAppUITests.xctest */;
			productType = "com.apple.product-type.bundle.ui-testing";
		};
/* End PBXNativeTarget section */

/* Begin PBXProject section */
		D5F49B6D2EB927DE0063DF9E /* Project object */ = {
			isa = PBXProject;
			attributes = {
				BuildIndependentTargetsInParallel = 1;
				LastSwiftUpdateCheck = 1620;
				LastUpgradeCheck = 1620;
				TargetAttributes = {
					D5F49B742EB927DE0063DF9E = {
						CreatedOnToolsVersion = 16.2;
					};
					D5F49B892EB927E00063DF9E = {
						CreatedOnToolsVersion = 16.2;
						TestTargetID = D5F49B742EB927DE0063DF9E;
					};
					D5F49B932EB927E00063DF9E = {
						CreatedOnToolsVersion = 16.2;
						TestTargetID = D5F49B742EB927DE0063DF9E;
					};
				};
			};
			buildConfigurationList = D5F49B702EB927DE0063DF9E /* Build configuration list for PBXProject "GifSearchApp" */;
			developmentRegion = en;
			hasScannedForEncodings = 0;
			knownRegions = (
				en,
				Base,
			);
			mainGroup = D5F49B6C2EB927DE0063DF9E;
			minimizedProjectReferenceProxies = 1;
			preferredProjectObjectVersion = 77;
			productRefGroup = D5F49B762EB927DE0063DF9E /* Products */;
			projectDirPath = "";
			projectRoot = "";
			targets = (
				D5F49B742EB927DE0063DF9E /* GifSearchApp */,
				D5F49B892EB927E00063DF9E /* GifSearchAppTests */,
				D5F49B932EB927E00063DF9E /* GifSearchAppUITests */,
			);
		};
/* End PBXProject section */

/* Begin PBXResourcesBuildPhase section */
		D5F49B732EB927DE0063DF9E /* Resources */ = {
			isa = PBXResourcesBuildPhase;
			buildActionMask = 2147483647;
			files = (
			);
			runOnlyForDeploymentPostprocessing = 0;
		};
		D5F49B882EB927E00063DF9E /* Resources */ = {
			isa = PBXResourcesBuildPhase;
			buildActionMask = 2147483647;
			files = (
			);
			runOnlyForDeploymentPostprocessing = 0;
		};
		D5F49B922EB927E00063DF9E /* Resources */ = {
			isa = PBXResourcesBuildPhase;
			buildActionMask = 2147483647;
			files = (
			);
			runOnlyForDeploymentPostprocessing = 0;
		};
/* End PBXResourcesBuildPhase section */

/* Begin PBXSourcesBuildPhase section */
		D5F49B712EB927DE0063DF9E /* Sources */ = {
			isa = PBXSourcesBuildPhase;
			buildActionMask = 2147483647;
			files = (
			);
			runOnlyForDeploymentPostprocessing = 0;
		};
		D5F49B862EB927E00063DF9E /* Sources */ = {
			isa = PBXSourcesBuildPhase;
			buildActionMask = 2147483647;
			files = (
			);
			runOnlyForDeploymentPostprocessing = 0;
		};
		D5F49B902EB927E00063DF9E /* Sources */ = {
			isa = PBXSourcesBuildPhase;
			buildActionMask = 2147483647;
			files = (
			);
			runOnlyForDeploymentPostprocessing = 0;
		};
/* End PBXSourcesBuildPhase section */

/* Begin PBXTargetDependency section */
		D5F49B8C2EB927E00063DF9E /* PBXTargetDependency */ = {
			isa = PBXTargetDependency;
			target = D5F49B742EB927DE0063DF9E /* GifSearchApp */;
			targetProxy = D5F49B8B2EB927E00063DF9E /* PBXContainerItemProxy */;
		};
		D5F49B962EB927E00063DF9E /* PBXTargetDependency */ = {
			isa = PBXTargetDependency;
			target = D5F49B742EB927DE0063DF9E /* GifSearchApp */;
			targetProxy = D5F49B952EB927E00063DF9E /* PBXContainerItemProxy */;
		};
/* End PBXTargetDependency section */

/* Begin XCBuildConfiguration section */
		D5F49B9C2EB927E00063DF9E /* Debug */ = {
			isa = XCBuildConfiguration;
			buildSettings = {
				ALWAYS_SEARCH_USER_PATHS = NO;
				ASSETCATALOG_COMPILER_GENERATE_SWIFT_ASSET_SYMBOL_EXTENSIONS = YES;
				CLANG_ANALYZER_NONNULL = YES;
				CLANG_ANALYZER_NUMBER_OBJECT_CONVERSION = YES_AGGRESSIVE;
				CLANG_CXX_LANGUAGE_STANDARD = "gnu++20";
				CLANG_ENABLE_MODULES = YES;
				CLANG_ENABLE_OBJC_ARC = YES;
				CLANG_ENABLE_OBJC_WEAK = YES;
				CLANG_WARN_BLOCK_CAPTURE_AUTORELEASING = YES;
				CLANG_WARN_BOOL_CONVERSION = YES;
				CLANG_WARN_COMMA = YES;
				CLANG_WARN_CONSTANT_CONVERSION = YES;
				CLANG_WARN_DEPRECATED_OBJC_IMPLEMENTATIONS = YES;
				CLANG_WARN_DIRECT_OBJC_ISA_USAGE = YES_ERROR;
				CLANG_WARN_DOCUMENTATION_COMMENTS = YES;
				CLANG_WARN_EMPTY_BODY = YES;
				CLANG_WARN_ENUM_CONVERSION = YES;
				CLANG_WARN_INFINITE_RECURSION = YES;
				CLANG_WARN_INT_CONVERSION = YES;
				CLANG_WARN_NON_LITERAL_NULL_CONVERSION = YES;
				CLANG_WARN_OBJC_IMPLICIT_RETAIN_SELF = YES;
				CLANG_WARN_OBJC_LITERAL_CONVERSION = YES;
				CLANG_WARN_OBJC_ROOT_CLASS = YES_ERROR;
				CLANG_WARN_QUOTED_INCLUDE_IN_FRAMEWORK_HEADER = YES;
				CLANG_WARN_RANGE_LOOP_ANALYSIS = YES;
				CLANG_WARN_STRICT_PROTOTYPES = YES;
				CLANG_WARN_SUSPICIOUS_MOVE = YES;
				CLANG_WARN_UNGUARDED_AVAILABILITY = YES_AGGRESSIVE;
				CLANG_WARN_UNREACHABLE_CODE = YES;
				CLANG_WARN__DUPLICATE_METHOD_MATCH = YES;
				COPY_PHASE_STRIP = NO;
				DEBUG_INFORMATION_FORMAT = dwarf;
				ENABLE_STRICT_OBJC_MSGSEND = YES;
				ENABLE_TESTABILITY = YES;
				ENABLE_USER_SCRIPT_SANDBOXING = YES;
				GCC_C_LANGUAGE_STANDARD = gnu17;
				GCC_DYNAMIC_NO_PIC = NO;
				GCC_NO_COMMON_BLOCKS = YES;
				GCC_OPTIMIZATION_LEVEL = 0;
				GCC_PREPROCESSOR_DEFINITIONS = (
					"DEBUG=1",
					"$(inherited)",
				);
				GCC_WARN_64_TO_32_BIT_CONVERSION = YES;
				GCC_WARN_ABOUT_RETURN_TYPE = YES_ERROR;
				GCC_WARN_UNDECLARED_SELECTOR = YES;
				GCC_WARN_UNINITIALIZED_AUTOS = YES_AGGRESSIVE;
				GCC_WARN_UNUSED_FUNCTION = YES;
				GCC_WARN_UNUSED_VARIABLE = YES;
				IPHONEOS_DEPLOYMENT_TARGET = 18.2;
				LOCALIZATION_PREFERS_STRING_CATALOGS = YES;
				MTL_ENABLE_DEBUG_INFO = INCLUDE_SOURCE;
				MTL_FAST_MATH = YES;
				ONLY_ACTIVE_ARCH = YES;
				SDKROOT = iphoneos;
				SWIFT_ACTIVE_COMPILATION_CONDITIONS = "DEBUG $(inherited)";
				SWIFT_OPTIMIZATION_LEVEL = "-Onone";
			};
			name = Debug;
		};
		D5F49B9D2EB927E00063DF9E /* Release */ = {
			isa = XCBuildConfiguration;
			buildSettings = {
				ALWAYS_SEARCH_USER_PATHS = NO;
				ASSETCATALOG_COMPILER_GENERATE_SWIFT_ASSET_SYMBOL_EXTENSIONS = YES;
				CLANG_ANALYZER_NONNULL = YES;
				CLANG_ANALYZER_NUMBER_OBJECT_CONVERSION = YES_AGGRESSIVE;
				CLANG_CXX_LANGUAGE_STANDARD = "gnu++20";
				CLANG_ENABLE_MODULES = YES;
				CLANG_ENABLE_OBJC_ARC = YES;
				CLANG_ENABLE_OBJC_WEAK = YES;
				CLANG_WARN_BLOCK_CAPTURE_AUTORELEASING = YES;
				CLANG_WARN_BOOL_CONVERSION = YES;
				CLANG_WARN_COMMA = YES;
				CLANG_WARN_CONSTANT_CONVERSION = YES;
				CLANG_WARN_DEPRECATED_OBJC_IMPLEMENTATIONS = YES;
				CLANG_WARN_DIRECT_OBJC_ISA_USAGE = YES_ERROR;
				CLANG_WARN_DOCUMENTATION_COMMENTS = YES;
				CLANG_WARN_EMPTY_BODY = YES;
				CLANG_WARN_ENUM_CONVERSION = YES;
				CLANG_WARN_INFINITE_RECURSION = YES;
				CLANG_WARN_INT_CONVERSION = YES;
				CLANG_WARN_NON_LITERAL_NULL_CONVERSION = YES;
				CLANG_WARN_OBJC_IMPLICIT_RETAIN_SELF = YES;
				CLANG_WARN_OBJC_LITERAL_CONVERSION = YES;
				CLANG_WARN_OBJC_ROOT_CLASS = YES_ERROR;
				CLANG_WARN_QUOTED_INCLUDE_IN_FRAMEWORK_HEADER = YES;
				CLANG_WARN_RANGE_LOOP_ANALYSIS = YES;
				CLANG_WARN_STRICT_PROTOTYPES = YES;
				CLANG_WARN_SUSPICIOUS_MOVE = YES;
				CLANG_WARN_UNGUARDED_AVAILABILITY = YES_AGGRESSIVE;
				CLANG_WARN_UNREACHABLE_CODE = YES;
				CLANG_WARN__DUPLICATE_METHOD_MATCH = YES;
				COPY_PHASE_STRIP = NO;
				DEBUG_INFORMATION_FORMAT = "dwarf-with-dsym";
				ENABLE_NS_ASSERTIONS = NO;
				ENABLE_STRICT_OBJC_MSGSEND = YES;
				ENABLE_USER_SCRIPT_SANDBOXING = YES;
				GCC_C_LANGUAGE_STANDARD = gnu17;
				GCC_NO_COMMON_BLOCKS = YES;
				GCC_WARN_64_TO_32_BIT_CONVERSION = YES;
				GCC_WARN_ABOUT_RETURN_TYPE = YES_ERROR;
				GCC_WARN_UNDECLARED_SELECTOR = YES;
				GCC_WARN_UNINITIALIZED_AUTOS = YES_AGGRESSIVE;
				GCC_WARN_UNUSED_FUNCTION = YES;
				GCC_WARN_UNUSED_VARIABLE = YES;
				IPHONEOS_DEPLOYMENT_TARGET = 18.2;
				LOCALIZATION_PREFERS_STRING_CATALOGS = YES;
				MTL_ENABLE_DEBUG_INFO = NO;
				MTL_FAST_MATH = YES;
				SDKROOT = iphoneos;
				SWIFT_COMPILATION_MODE = wholemodule;
				VALIDATE_PRODUCT = YES;
			};
			name = Release;
		};
		D5F49B9F2EB927E00063DF9E /* Debug */ = {
			isa = XCBuildConfiguration;
			buildSettings = {
				ASSETCATALOG_COMPILER_APPICON_NAME = AppIcon;
				ASSETCATALOG_COMPILER_GLOBAL_ACCENT_COLOR_NAME = AccentColor;
				CODE_SIGN_STYLE = Automatic;
				CURRENT_PROJECT_VERSION = 1;
				DEVELOPMENT_ASSET_PATHS = "\"GifSearchApp/Preview Content\"";
				DEVELOPMENT_TEAM = 5JC2A4X37K;
				ENABLE_PREVIEWS = YES;
				GENERATE_INFOPLIST_FILE = YES;
				INFOPLIST_FILE = GifSearchApp/Info.plist;
				INFOPLIST_KEY_UIApplicationSceneManifest_Generation = YES;
				INFOPLIST_KEY_UIApplicationSupportsIndirectInputEvents = YES;
				INFOPLIST_KEY_UILaunchScreen_Generation = YES;
				INFOPLIST_KEY_UISupportedInterfaceOrientations_iPad = "UIInterfaceOrientationPortrait UIInterfaceOrientationPortraitUpsideDown UIInterfaceOrientationLandscapeLeft UIInterfaceOrientationLandscapeRight";
				INFOPLIST_KEY_UISupportedInterfaceOrientations_iPhone = "UIInterfaceOrientationPortrait UIInterfaceOrientationLandscapeLeft UIInterfaceOrientationLandscapeRight";
				LD_RUNPATH_SEARCH_PATHS = (
					"$(inherited)",
					"@executable_path/Frameworks",
				);
				MARKETING_VERSION = 1.0;
				PRODUCT_BUNDLE_IDENTIFIER = io.elisoft.GifSearchApp;
				PRODUCT_NAME = "$(TARGET_NAME)";
				SWIFT_EMIT_LOC_STRINGS = YES;
				SWIFT_VERSION = 5.0;
				TARGETED_DEVICE_FAMILY = "1,2";
			};
			name = Debug;
		};
		D5F49BA02EB927E00063DF9E /* Release */ = {
			isa = XCBuildConfiguration;
			buildSettings = {
				ASSETCATALOG_COMPILER_APPICON_NAME = AppIcon;
				ASSETCATALOG_COMPILER_GLOBAL_ACCENT_COLOR_NAME = AccentColor;
				CODE_SIGN_STYLE = Automatic;
				CURRENT_PROJECT_VERSION = 1;
				DEVELOPMENT_ASSET_PATHS = "\"GifSearchApp/Preview Content\"";
				DEVELOPMENT_TEAM = 5JC2A4X37K;
				ENABLE_PREVIEWS = YES;
				GENERATE_INFOPLIST_FILE = YES;
				INFOPLIST_FILE = GifSearchApp/Info.plist;
				INFOPLIST_KEY_UIApplicationSceneManifest_Generation = YES;
				INFOPLIST_KEY_UIApplicationSupportsIndirectInputEvents = YES;
				INFOPLIST_KEY_UILaunchScreen_Generation = YES;
				INFOPLIST_KEY_UISupportedInterfaceOrientations_iPad = "UIInterfaceOrientationPortrait UIInterfaceOrientationPortraitUpsideDown UIInterfaceOrientationLandscapeLeft UIInterfaceOrientationLandscapeRight";
				INFOPLIST_KEY_UISupportedInterfaceOrientations_iPhone = "UIInterfaceOrientationPortrait UIInterfaceOrientationLandscapeLeft UIInterfaceOrientationLandscapeRight";
				LD_RUNPATH_SEARCH_PATHS = (
					"$(inherited)",
					"@executable_path/Frameworks",
				);
				MARKETING_VERSION = 1.0;
				PRODUCT_BUNDLE_IDENTIFIER = io.elisoft.GifSearchApp;
				PRODUCT_NAME = "$(TARGET_NAME)";
				SWIFT_EMIT_LOC_STRINGS = YES;
				SWIFT_VERSION = 5.0;
				TARGETED_DEVICE_FAMILY = "1,2";
			};
			name = Release;
		};
		D5F49BA22EB927E00063DF9E /* Debug */ = {
			isa = XCBuildConfiguration;
			buildSettings = {
				BUNDLE_LOADER = "$(TEST_HOST)";
				CODE_SIGN_STYLE = Automatic;
				CURRENT_PROJECT_VERSION = 1;
				DEVELOPMENT_TEAM = 5JC2A4X37K;
				GENERATE_INFOPLIST_FILE = YES;
				IPHONEOS_DEPLOYMENT_TARGET = 18.2;
				MARKETING_VERSION = 1.0;
				PRODUCT_BUNDLE_IDENTIFIER = io.elisoft.GifSearchAppTests;
				PRODUCT_NAME = "$(TARGET_NAME)";
				SWIFT_EMIT_LOC_STRINGS = NO;
				SWIFT_VERSION = 5.0;
				TARGETED_DEVICE_FAMILY = "1,2";
				TEST_HOST = "$(BUILT_PRODUCTS_DIR)/GifSearchApp.app/$(BUNDLE_EXECUTABLE_FOLDER_PATH)/GifSearchApp";
			};
			name = Debug;
		};
		D5F49BA32EB927E00063DF9E /* Release */ = {
			isa = XCBuildConfiguration;
			buildSettings = {
				BUNDLE_LOADER = "$(TEST_HOST)";
				CODE_SIGN_STYLE = Automatic;
				CURRENT_PROJECT_VERSION = 1;
				DEVELOPMENT_TEAM = 5JC2A4X37K;
				GENERATE_INFOPLIST_FILE = YES;
				IPHONEOS_DEPLOYMENT_TARGET = 18.2;
				MARKETING_VERSION = 1.0;
				PRODUCT_BUNDLE_IDENTIFIER = io.elisoft.GifSearchAppTests;
				PRODUCT_NAME = "$(TARGET_NAME)";
				SWIFT_EMIT_LOC_STRINGS = NO;
				SWIFT_VERSION = 5.0;
				TARGETED_DEVICE_FAMILY = "1,2";
				TEST_HOST = "$(BUILT_PRODUCTS_DIR)/GifSearchApp.app/$(BUNDLE_EXECUTABLE_FOLDER_PATH)/GifSearchApp";
			};
			name = Release;
		};
		D5F49BA52EB927E00063DF9E /* Debug */ = {
			isa = XCBuildConfiguration;
			buildSettings = {
				CODE_SIGN_STYLE = Automatic;
				CURRENT_PROJECT_VERSION = 1;
				DEVELOPMENT_TEAM = 5JC2A4X37K;
				GENERATE_INFOPLIST_FILE = YES;
				MARKETING_VERSION = 1.0;
				PRODUCT_BUNDLE_IDENTIFIER = io.elisoft.GifSearchAppUITests;
				PRODUCT_NAME = "$(TARGET_NAME)";
				SWIFT_EMIT_LOC_STRINGS = NO;
				SWIFT_VERSION = 5.0;
				TARGETED_DEVICE_FAMILY = "1,2";
				TEST_TARGET_NAME = GifSearchApp;
			};
			name = Debug;
		};
		D5F49BA62EB927E00063DF9E /* Release */ = {
			isa = XCBuildConfiguration;
			buildSettings = {
				CODE_SIGN_STYLE = Automatic;
				CURRENT_PROJECT_VERSION = 1;
				DEVELOPMENT_TEAM = 5JC2A4X37K;
				GENERATE_INFOPLIST_FILE = YES;
				MARKETING_VERSION = 1.0;
				PRODUCT_BUNDLE_IDENTIFIER = io.elisoft.GifSearchAppUITests;
				PRODUCT_NAME = "$(TARGET_NAME)";
				SWIFT_EMIT_LOC_STRINGS = NO;
				SWIFT_VERSION = 5.0;
				TARGETED_DEVICE_FAMILY = "1,2";
				TEST_TARGET_NAME = GifSearchApp;
			};
			name = Release;
		};
/* End XCBuildConfiguration section */

/* Begin XCConfigurationList section */
		D5F49B702EB927DE0063DF9E /* Build configuration list for PBXProject "GifSearchApp" */ = {
			isa = XCConfigurationList;
			buildConfigurations = (
				D5F49B9C2EB927E00063DF9E /* Debug */,
				D5F49B9D2EB927E00063DF9E /* Release */,
			);
			defaultConfigurationIsVisible = 0;
			defaultConfigurationName = Release;
		};
		D5F49B9E2EB927E00063DF9E /* Build configuration list for PBXNativeTarget "GifSearchApp" */ = {
			isa = XCConfigurationList;
			buildConfigurations = (
				D5F49B9F2EB927E00063DF9E /* Debug */,
				D5F49BA02EB927E00063DF9E /* Release */,
			);
			defaultConfigurationIsVisible = 0;
			defaultConfigurationName = Release;
		};
		D5F49BA12EB927E00063DF9E /* Build configuration list for PBXNativeTarget "GifSearchAppTests" */ = {
			isa = XCConfigurationList;
			buildConfigurations = (
				D5F49BA22EB927E00063DF9E /* Debug */,
				D5F49BA32EB927E00063DF9E /* Release */,
			);
			defaultConfigurationIsVisible = 0;
			defaultConfigurationName = Release;
		};
		D5F49BA42EB927E00063DF9E /* Build configuration list for PBXNativeTarget "GifSearchAppUITests" */ = {
			isa = XCConfigurationList;
			buildConfigurations = (
				D5F49BA52EB927E00063DF9E /* Debug */,
				D5F49BA62EB927E00063DF9E /* Release */,
			);
			defaultConfigurationIsVisible = 0;
			defaultConfigurationName = Release;
		};
/* End XCConfigurationList section */
	};
	rootObject = D5F49B6D2EB927DE0063DF9E /* Project object */;
}
